// !$*UTF8*$!
{
	archiveVersion = 1;
	classes = {
	};
	objectVersion = 52;
	objects = {

/* Begin PBXBuildFile section */
		186BF9311CB903D965C2FEEC /* Pods_lens_review_ios.framework in Frameworks */ = {isa = PBXBuildFile; fileRef = B2857173F94514BDDFA0FD32 /* Pods_lens_review_ios.framework */; };
		551719D32531E8A2003670D0 /* LensPreview.swift in Sources */ = {isa = PBXBuildFile; fileRef = 551719D22531E8A2003670D0 /* LensPreview.swift */; };
		551719D62531E921003670D0 /* APIBuilder.swift in Sources */ = {isa = PBXBuildFile; fileRef = 551719D52531E921003670D0 /* APIBuilder.swift */; };
		551719D92531E93F003670D0 /* LensAPIClient.swift in Sources */ = {isa = PBXBuildFile; fileRef = 551719D82531E93F003670D0 /* LensAPIClient.swift */; };
		551719DF2531E964003670D0 /* NetConstants.swift in Sources */ = {isa = PBXBuildFile; fileRef = 551719DE2531E964003670D0 /* NetConstants.swift */; };
		5531342A2545B35700FFD1EB /* KeychainManager.swift in Sources */ = {isa = PBXBuildFile; fileRef = 553134292545B35700FFD1EB /* KeychainManager.swift */; };
		55380DEA2585F4580093642C /* ReviewBoardDetail.swift in Sources */ = {isa = PBXBuildFile; fileRef = 55380DE92585F4580093642C /* ReviewBoardDetail.swift */; };
		55380DEF2585F8C10093642C /* ReviewBoardDetailView.swift in Sources */ = {isa = PBXBuildFile; fileRef = 55380DEE2585F8C10093642C /* ReviewBoardDetailView.swift */; };
		55380DF22585F8E40093642C /* ReviewBoardDetailViewModel.swift in Sources */ = {isa = PBXBuildFile; fileRef = 55380DF12585F8E40093642C /* ReviewBoardDetailViewModel.swift */; };
		5538B485258E2806009F3772 /* FreeBoardComment.swift in Sources */ = {isa = PBXBuildFile; fileRef = 5538B484258E2806009F3772 /* FreeBoardComment.swift */; };
		5538B489258E3EFE009F3772 /* CommentRowView.swift in Sources */ = {isa = PBXBuildFile; fileRef = 5538B488258E3EFE009F3772 /* CommentRowView.swift */; };
		55415E2C254463A6006630CA /* LoginView.swift in Sources */ = {isa = PBXBuildFile; fileRef = 55415E2B254463A6006630CA /* LoginView.swift */; };
		55415E332544661F006630CA /* LoginViewModel.swift in Sources */ = {isa = PBXBuildFile; fileRef = 55415E322544661F006630CA /* LoginViewModel.swift */; };
		55438C692532079500423006 /* LensDetailView.swift in Sources */ = {isa = PBXBuildFile; fileRef = 55438C682532079500423006 /* LensDetailView.swift */; };
		55438C6D253207A800423006 /* LensDetailViewModel.swift in Sources */ = {isa = PBXBuildFile; fileRef = 55438C6C253207A800423006 /* LensDetailViewModel.swift */; };
		55438C70253207B700423006 /* LensListViewModel.swift in Sources */ = {isa = PBXBuildFile; fileRef = 55438C6F253207B700423006 /* LensListViewModel.swift */; };
		55438C75253207CB00423006 /* LensDetail.swift in Sources */ = {isa = PBXBuildFile; fileRef = 55438C74253207CB00423006 /* LensDetail.swift */; };
		5550A7D12531E44200FAFD30 /* lens_review_iosApp.swift in Sources */ = {isa = PBXBuildFile; fileRef = 5550A7D02531E44200FAFD30 /* lens_review_iosApp.swift */; };
		5550A7D32531E44200FAFD30 /* ContentView.swift in Sources */ = {isa = PBXBuildFile; fileRef = 5550A7D22531E44200FAFD30 /* ContentView.swift */; };
		5550A7D52531E44300FAFD30 /* Assets.xcassets in Resources */ = {isa = PBXBuildFile; fileRef = 5550A7D42531E44300FAFD30 /* Assets.xcassets */; };
		5550A7D82531E44300FAFD30 /* Preview Assets.xcassets in Resources */ = {isa = PBXBuildFile; fileRef = 5550A7D72531E44300FAFD30 /* Preview Assets.xcassets */; };
		555DAA42258519C7008E70E8 /* DateManager.swift in Sources */ = {isa = PBXBuildFile; fileRef = 555DAA41258519C7008E70E8 /* DateManager.swift */; };
		556D1CB82543328800EC8084 /* URLImage in Frameworks */ = {isa = PBXBuildFile; productRef = 556D1CB72543328800EC8084 /* URLImage */; };
		5574A8BE2598BA3700FE1954 /* ArticleModifyView.swift in Sources */ = {isa = PBXBuildFile; fileRef = 5574A8BD2598BA3700FE1954 /* ArticleModifyView.swift */; };
		5574A8C32598C0F400FE1954 /* Localizable.strings in Resources */ = {isa = PBXBuildFile; fileRef = 5574A8C52598C0F400FE1954 /* Localizable.strings */; };
		5574A8CC2598C40100FE1954 /* StringUtil.swift in Sources */ = {isa = PBXBuildFile; fileRef = 5574A8CB2598C40100FE1954 /* StringUtil.swift */; };
		557BE3E62590D0300022F5D0 /* CommentView.swift in Sources */ = {isa = PBXBuildFile; fileRef = 557BE3E52590D0300022F5D0 /* CommentView.swift */; };
		557BE3E92590D5940022F5D0 /* CommentViewModel.swift in Sources */ = {isa = PBXBuildFile; fileRef = 557BE3E82590D5940022F5D0 /* CommentViewModel.swift */; };
		557BE3EC2590D7860022F5D0 /* UIConstants.swift in Sources */ = {isa = PBXBuildFile; fileRef = 557BE3EB2590D7860022F5D0 /* UIConstants.swift */; };
		557E77542537327A00DDA4F7 /* LensListView.swift in Sources */ = {isa = PBXBuildFile; fileRef = 557E77532537327A00DDA4F7 /* LensListView.swift */; };
		558304512538963800C46BE0 /* FreeBoardPreview.swift in Sources */ = {isa = PBXBuildFile; fileRef = 558304502538963800C46BE0 /* FreeBoardPreview.swift */; };
		558304542538971500C46BE0 /* BoardListView.swift in Sources */ = {isa = PBXBuildFile; fileRef = 558304532538971500C46BE0 /* BoardListView.swift */; };
		558304572538971D00C46BE0 /* BoardListViewModel.swift in Sources */ = {isa = PBXBuildFile; fileRef = 558304562538971D00C46BE0 /* BoardListViewModel.swift */; };
		55A99A932593847E00BC65C0 /* FreeBoardWriteView.swift in Sources */ = {isa = PBXBuildFile; fileRef = 55A99A922593847E00BC65C0 /* FreeBoardWriteView.swift */; };
		55A99A982597829B00BC65C0 /* FreeBoardWriteViewModel.swift in Sources */ = {isa = PBXBuildFile; fileRef = 55A99A972597829B00BC65C0 /* FreeBoardWriteViewModel.swift */; };
		55AC870F2539EF7900141F21 /* ReviewBoardPreview.swift in Sources */ = {isa = PBXBuildFile; fileRef = 55AC870E2539EF7900141F21 /* ReviewBoardPreview.swift */; };
		55AC87122539F0F700141F21 /* ReviewListView.swift in Sources */ = {isa = PBXBuildFile; fileRef = 55AC87112539F0F700141F21 /* ReviewListView.swift */; };
		55AC87152539F0FE00141F21 /* ReviewListViewModel.swift in Sources */ = {isa = PBXBuildFile; fileRef = 55AC87142539F0FE00141F21 /* ReviewListViewModel.swift */; };
		55AEFEF2257CC3D2000A7A47 /* FreeBoardDetail.swift in Sources */ = {isa = PBXBuildFile; fileRef = 55AEFEF1257CC3D2000A7A47 /* FreeBoardDetail.swift */; };
		55AEFEF7257CD945000A7A47 /* FreeBoardDetailView.swift in Sources */ = {isa = PBXBuildFile; fileRef = 55AEFEF6257CD945000A7A47 /* FreeBoardDetailView.swift */; };
		55AEFEFA257CD954000A7A47 /* FreeBoardDetailViewModel.swift in Sources */ = {isa = PBXBuildFile; fileRef = 55AEFEF9257CD954000A7A47 /* FreeBoardDetailViewModel.swift */; };
		55E0749D25447A1F0030C7C0 /* Login.swift in Sources */ = {isa = PBXBuildFile; fileRef = 55E0749C25447A1F0030C7C0 /* Login.swift */; };
		55E074A125448CDB0030C7C0 /* KeychainSwift in Frameworks */ = {isa = PBXBuildFile; productRef = 55E074A025448CDB0030C7C0 /* KeychainSwift */; };
		55E446A12573D8970023FBD7 /* UIUtil.swift in Sources */ = {isa = PBXBuildFile; fileRef = 55E446A02573D8970023FBD7 /* UIUtil.swift */; };
/* End PBXBuildFile section */

/* Begin PBXFileReference section */
		3B7C3B0742C439DBD569CAEA /* Pods-lens_review_ios.debug.xcconfig */ = {isa = PBXFileReference; includeInIndex = 1; lastKnownFileType = text.xcconfig; name = "Pods-lens_review_ios.debug.xcconfig"; path = "Target Support Files/Pods-lens_review_ios/Pods-lens_review_ios.debug.xcconfig"; sourceTree = "<group>"; };
		551719D22531E8A2003670D0 /* LensPreview.swift */ = {isa = PBXFileReference; lastKnownFileType = sourcecode.swift; path = LensPreview.swift; sourceTree = "<group>"; };
		551719D52531E921003670D0 /* APIBuilder.swift */ = {isa = PBXFileReference; lastKnownFileType = sourcecode.swift; path = APIBuilder.swift; sourceTree = "<group>"; };
		551719D82531E93F003670D0 /* LensAPIClient.swift */ = {isa = PBXFileReference; lastKnownFileType = sourcecode.swift; path = LensAPIClient.swift; sourceTree = "<group>"; };
		551719DE2531E964003670D0 /* NetConstants.swift */ = {isa = PBXFileReference; lastKnownFileType = sourcecode.swift; path = NetConstants.swift; sourceTree = "<group>"; };
		553134292545B35700FFD1EB /* KeychainManager.swift */ = {isa = PBXFileReference; lastKnownFileType = sourcecode.swift; path = KeychainManager.swift; sourceTree = "<group>"; };
		55380DE92585F4580093642C /* ReviewBoardDetail.swift */ = {isa = PBXFileReference; lastKnownFileType = sourcecode.swift; path = ReviewBoardDetail.swift; sourceTree = "<group>"; };
		55380DEE2585F8C10093642C /* ReviewBoardDetailView.swift */ = {isa = PBXFileReference; lastKnownFileType = sourcecode.swift; path = ReviewBoardDetailView.swift; sourceTree = "<group>"; };
		55380DF12585F8E40093642C /* ReviewBoardDetailViewModel.swift */ = {isa = PBXFileReference; lastKnownFileType = sourcecode.swift; path = ReviewBoardDetailViewModel.swift; sourceTree = "<group>"; };
		5538B484258E2806009F3772 /* FreeBoardComment.swift */ = {isa = PBXFileReference; lastKnownFileType = sourcecode.swift; path = FreeBoardComment.swift; sourceTree = "<group>"; };
		5538B488258E3EFE009F3772 /* CommentRowView.swift */ = {isa = PBXFileReference; lastKnownFileType = sourcecode.swift; path = CommentRowView.swift; sourceTree = "<group>"; };
		55415E2B254463A6006630CA /* LoginView.swift */ = {isa = PBXFileReference; lastKnownFileType = sourcecode.swift; path = LoginView.swift; sourceTree = "<group>"; };
		55415E322544661F006630CA /* LoginViewModel.swift */ = {isa = PBXFileReference; lastKnownFileType = sourcecode.swift; path = LoginViewModel.swift; sourceTree = "<group>"; };
		55438C682532079500423006 /* LensDetailView.swift */ = {isa = PBXFileReference; lastKnownFileType = sourcecode.swift; path = LensDetailView.swift; sourceTree = "<group>"; };
		55438C6C253207A800423006 /* LensDetailViewModel.swift */ = {isa = PBXFileReference; lastKnownFileType = sourcecode.swift; path = LensDetailViewModel.swift; sourceTree = "<group>"; };
		55438C6F253207B700423006 /* LensListViewModel.swift */ = {isa = PBXFileReference; lastKnownFileType = sourcecode.swift; path = LensListViewModel.swift; sourceTree = "<group>"; };
		55438C74253207CB00423006 /* LensDetail.swift */ = {isa = PBXFileReference; lastKnownFileType = sourcecode.swift; path = LensDetail.swift; sourceTree = "<group>"; };
		5550A7CD2531E44200FAFD30 /* lens_review_ios.app */ = {isa = PBXFileReference; explicitFileType = wrapper.application; includeInIndex = 0; path = lens_review_ios.app; sourceTree = BUILT_PRODUCTS_DIR; };
		5550A7D02531E44200FAFD30 /* lens_review_iosApp.swift */ = {isa = PBXFileReference; lastKnownFileType = sourcecode.swift; path = lens_review_iosApp.swift; sourceTree = "<group>"; };
		5550A7D22531E44200FAFD30 /* ContentView.swift */ = {isa = PBXFileReference; lastKnownFileType = sourcecode.swift; path = ContentView.swift; sourceTree = "<group>"; };
		5550A7D42531E44300FAFD30 /* Assets.xcassets */ = {isa = PBXFileReference; lastKnownFileType = folder.assetcatalog; path = Assets.xcassets; sourceTree = "<group>"; };
		5550A7D72531E44300FAFD30 /* Preview Assets.xcassets */ = {isa = PBXFileReference; lastKnownFileType = folder.assetcatalog; path = "Preview Assets.xcassets"; sourceTree = "<group>"; };
		5550A7D92531E44300FAFD30 /* Info.plist */ = {isa = PBXFileReference; lastKnownFileType = text.plist.xml; path = Info.plist; sourceTree = "<group>"; };
		555DAA41258519C7008E70E8 /* DateManager.swift */ = {isa = PBXFileReference; lastKnownFileType = sourcecode.swift; path = DateManager.swift; sourceTree = "<group>"; };
		5574A8BD2598BA3700FE1954 /* ArticleModifyView.swift */ = {isa = PBXFileReference; lastKnownFileType = sourcecode.swift; path = ArticleModifyView.swift; sourceTree = "<group>"; };
		5574A8C72598C12A00FE1954 /* ko */ = {isa = PBXFileReference; lastKnownFileType = text.plist.strings; name = ko; path = ko.lproj/Localizable.strings; sourceTree = "<group>"; };
		5574A8CB2598C40100FE1954 /* StringUtil.swift */ = {isa = PBXFileReference; lastKnownFileType = sourcecode.swift; path = StringUtil.swift; sourceTree = "<group>"; };
		557BE3E52590D0300022F5D0 /* CommentView.swift */ = {isa = PBXFileReference; lastKnownFileType = sourcecode.swift; path = CommentView.swift; sourceTree = "<group>"; };
		557BE3E82590D5940022F5D0 /* CommentViewModel.swift */ = {isa = PBXFileReference; lastKnownFileType = sourcecode.swift; path = CommentViewModel.swift; sourceTree = "<group>"; };
		557BE3EB2590D7860022F5D0 /* UIConstants.swift */ = {isa = PBXFileReference; lastKnownFileType = sourcecode.swift; path = UIConstants.swift; sourceTree = "<group>"; };
		557E77532537327A00DDA4F7 /* LensListView.swift */ = {isa = PBXFileReference; lastKnownFileType = sourcecode.swift; path = LensListView.swift; sourceTree = "<group>"; };
		558304502538963800C46BE0 /* FreeBoardPreview.swift */ = {isa = PBXFileReference; lastKnownFileType = sourcecode.swift; path = FreeBoardPreview.swift; sourceTree = "<group>"; };
		558304532538971500C46BE0 /* BoardListView.swift */ = {isa = PBXFileReference; lastKnownFileType = sourcecode.swift; path = BoardListView.swift; sourceTree = "<group>"; };
		558304562538971D00C46BE0 /* BoardListViewModel.swift */ = {isa = PBXFileReference; lastKnownFileType = sourcecode.swift; path = BoardListViewModel.swift; sourceTree = "<group>"; };
		55A99A922593847E00BC65C0 /* FreeBoardWriteView.swift */ = {isa = PBXFileReference; lastKnownFileType = sourcecode.swift; path = FreeBoardWriteView.swift; sourceTree = "<group>"; };
		55A99A972597829B00BC65C0 /* FreeBoardWriteViewModel.swift */ = {isa = PBXFileReference; lastKnownFileType = sourcecode.swift; path = FreeBoardWriteViewModel.swift; sourceTree = "<group>"; };
		55AC870E2539EF7900141F21 /* ReviewBoardPreview.swift */ = {isa = PBXFileReference; lastKnownFileType = sourcecode.swift; path = ReviewBoardPreview.swift; sourceTree = "<group>"; };
		55AC87112539F0F700141F21 /* ReviewListView.swift */ = {isa = PBXFileReference; lastKnownFileType = sourcecode.swift; path = ReviewListView.swift; sourceTree = "<group>"; };
		55AC87142539F0FE00141F21 /* ReviewListViewModel.swift */ = {isa = PBXFileReference; lastKnownFileType = sourcecode.swift; path = ReviewListViewModel.swift; sourceTree = "<group>"; };
		55AEFEF1257CC3D2000A7A47 /* FreeBoardDetail.swift */ = {isa = PBXFileReference; lastKnownFileType = sourcecode.swift; path = FreeBoardDetail.swift; sourceTree = "<group>"; };
		55AEFEF6257CD945000A7A47 /* FreeBoardDetailView.swift */ = {isa = PBXFileReference; lastKnownFileType = sourcecode.swift; path = FreeBoardDetailView.swift; sourceTree = "<group>"; };
		55AEFEF9257CD954000A7A47 /* FreeBoardDetailViewModel.swift */ = {isa = PBXFileReference; lastKnownFileType = sourcecode.swift; path = FreeBoardDetailViewModel.swift; sourceTree = "<group>"; };
		55E0749C25447A1F0030C7C0 /* Login.swift */ = {isa = PBXFileReference; lastKnownFileType = sourcecode.swift; path = Login.swift; sourceTree = "<group>"; };
		55E446A02573D8970023FBD7 /* UIUtil.swift */ = {isa = PBXFileReference; lastKnownFileType = sourcecode.swift; path = UIUtil.swift; sourceTree = "<group>"; };
		ABB2072908050703454F5319 /* Pods-lens_review_ios.release.xcconfig */ = {isa = PBXFileReference; includeInIndex = 1; lastKnownFileType = text.xcconfig; name = "Pods-lens_review_ios.release.xcconfig"; path = "Target Support Files/Pods-lens_review_ios/Pods-lens_review_ios.release.xcconfig"; sourceTree = "<group>"; };
		B2857173F94514BDDFA0FD32 /* Pods_lens_review_ios.framework */ = {isa = PBXFileReference; explicitFileType = wrapper.framework; includeInIndex = 0; path = Pods_lens_review_ios.framework; sourceTree = BUILT_PRODUCTS_DIR; };
/* End PBXFileReference section */

/* Begin PBXFrameworksBuildPhase section */
		5550A7CA2531E44200FAFD30 /* Frameworks */ = {
			isa = PBXFrameworksBuildPhase;
			buildActionMask = 2147483647;
			files = (
				55E074A125448CDB0030C7C0 /* KeychainSwift in Frameworks */,
				556D1CB82543328800EC8084 /* URLImage in Frameworks */,
				186BF9311CB903D965C2FEEC /* Pods_lens_review_ios.framework in Frameworks */,
			);
			runOnlyForDeploymentPostprocessing = 0;
		};
/* End PBXFrameworksBuildPhase section */

/* Begin PBXGroup section */
		551719D02531E832003670D0 /* Network */ = {
			isa = PBXGroup;
			children = (
				551719D12531E888003670D0 /* Model */,
				551719D52531E921003670D0 /* APIBuilder.swift */,
				551719D82531E93F003670D0 /* LensAPIClient.swift */,
				551719DE2531E964003670D0 /* NetConstants.swift */,
			);
			path = Network;
			sourceTree = "<group>";
		};
		551719D12531E888003670D0 /* Model */ = {
			isa = PBXGroup;
			children = (
				551719D22531E8A2003670D0 /* LensPreview.swift */,
				55438C74253207CB00423006 /* LensDetail.swift */,
				558304502538963800C46BE0 /* FreeBoardPreview.swift */,
				55AEFEF1257CC3D2000A7A47 /* FreeBoardDetail.swift */,
				5538B484258E2806009F3772 /* FreeBoardComment.swift */,
				55AC870E2539EF7900141F21 /* ReviewBoardPreview.swift */,
				55380DE92585F4580093642C /* ReviewBoardDetail.swift */,
				55E0749C25447A1F0030C7C0 /* Login.swift */,
			);
			path = Model;
			sourceTree = "<group>";
		};
		553134282545B2D300FFD1EB /* Utils */ = {
			isa = PBXGroup;
			children = (
				553134292545B35700FFD1EB /* KeychainManager.swift */,
				555DAA41258519C7008E70E8 /* DateManager.swift */,
				5574A8CB2598C40100FE1954 /* StringUtil.swift */,
			);
			path = Utils;
			sourceTree = "<group>";
		};
		55380DED2585F8AC0093642C /* ReviewBoardDetail */ = {
			isa = PBXGroup;
			children = (
				55380DEE2585F8C10093642C /* ReviewBoardDetailView.swift */,
				55380DF12585F8E40093642C /* ReviewBoardDetailViewModel.swift */,
			);
			path = ReviewBoardDetail;
			sourceTree = "<group>";
		};
		5550A7C42531E44200FAFD30 = {
			isa = PBXGroup;
			children = (
				5550A7CF2531E44200FAFD30 /* lens_review_ios */,
				5550A7CE2531E44200FAFD30 /* Products */,
				E326168C3FB332AD9556D1E1 /* Pods */,
				685406D9EDE03E534247871F /* Frameworks */,
			);
			sourceTree = "<group>";
		};
		5550A7CE2531E44200FAFD30 /* Products */ = {
			isa = PBXGroup;
			children = (
				5550A7CD2531E44200FAFD30 /* lens_review_ios.app */,
			);
			name = Products;
			sourceTree = "<group>";
		};
		5550A7CF2531E44200FAFD30 /* lens_review_ios */ = {
			isa = PBXGroup;
			children = (
				5550A7D02531E44200FAFD30 /* lens_review_iosApp.swift */,
				553134282545B2D300FFD1EB /* Utils */,
				551719D02531E832003670D0 /* Network */,
				55D54FBF256AA4ED00D87D4B /* UI */,
				5550A7D42531E44300FAFD30 /* Assets.xcassets */,
				5550A7D92531E44300FAFD30 /* Info.plist */,
				5550A7D62531E44300FAFD30 /* Preview Content */,
				5574A8C52598C0F400FE1954 /* Localizable.strings */,
			);
			path = lens_review_ios;
			sourceTree = "<group>";
		};
		5550A7D62531E44300FAFD30 /* Preview Content */ = {
			isa = PBXGroup;
			children = (
				5550A7D72531E44300FAFD30 /* Preview Assets.xcassets */,
			);
			path = "Preview Content";
			sourceTree = "<group>";
		};
		5574A8BB25987C7000FE1954 /* Modify */ = {
			isa = PBXGroup;
			children = (
				5574A8BD2598BA3700FE1954 /* ArticleModifyView.swift */,
			);
			path = Modify;
			sourceTree = "<group>";
		};
		55A99A902593842A00BC65C0 /* Comment */ = {
			isa = PBXGroup;
			children = (
				5538B488258E3EFE009F3772 /* CommentRowView.swift */,
				557BE3E52590D0300022F5D0 /* CommentView.swift */,
				557BE3E82590D5940022F5D0 /* CommentViewModel.swift */,
			);
			path = Comment;
			sourceTree = "<group>";
		};
		55A99A912593843A00BC65C0 /* Write */ = {
			isa = PBXGroup;
			children = (
				55A99A922593847E00BC65C0 /* FreeBoardWriteView.swift */,
				55A99A972597829B00BC65C0 /* FreeBoardWriteViewModel.swift */,
			);
			path = Write;
			sourceTree = "<group>";
		};
		55AEFEF5257CD909000A7A47 /* Detail */ = {
			isa = PBXGroup;
			children = (
				55AEFEF6257CD945000A7A47 /* FreeBoardDetailView.swift */,
				55AEFEF9257CD954000A7A47 /* FreeBoardDetailViewModel.swift */,
			);
			path = Detail;
			sourceTree = "<group>";
		};
		55D54FBF256AA4ED00D87D4B /* UI */ = {
			isa = PBXGroup;
			children = (
				5550A7D22531E44200FAFD30 /* ContentView.swift */,
				55D54FC1256AA50C00D87D4B /* Login */,
				55D54FC0256AA50200D87D4B /* LensList */,
				55D54FC2256AA53800D87D4B /* LensDetail */,
				55D54FC3256AA54500D87D4B /* FreeBoard */,
				55D54FC4256AA56100D87D4B /* ReviewBoard */,
				55380DED2585F8AC0093642C /* ReviewBoardDetail */,
				55E446A02573D8970023FBD7 /* UIUtil.swift */,
				557BE3EB2590D7860022F5D0 /* UIConstants.swift */,
			);
			path = UI;
			sourceTree = "<group>";
		};
		55D54FC0256AA50200D87D4B /* LensList */ = {
			isa = PBXGroup;
			children = (
				557E77532537327A00DDA4F7 /* LensListView.swift */,
				55438C6F253207B700423006 /* LensListViewModel.swift */,
			);
			path = LensList;
			sourceTree = "<group>";
		};
		55D54FC1256AA50C00D87D4B /* Login */ = {
			isa = PBXGroup;
			children = (
				55415E2B254463A6006630CA /* LoginView.swift */,
				55415E322544661F006630CA /* LoginViewModel.swift */,
			);
			path = Login;
			sourceTree = "<group>";
		};
		55D54FC2256AA53800D87D4B /* LensDetail */ = {
			isa = PBXGroup;
			children = (
				55438C682532079500423006 /* LensDetailView.swift */,
				55438C6C253207A800423006 /* LensDetailViewModel.swift */,
			);
			path = LensDetail;
			sourceTree = "<group>";
		};
		55D54FC3256AA54500D87D4B /* FreeBoard */ = {
			isa = PBXGroup;
			children = (
				558304532538971500C46BE0 /* BoardListView.swift */,
				558304562538971D00C46BE0 /* BoardListViewModel.swift */,
				55AEFEF5257CD909000A7A47 /* Detail */,
				55A99A902593842A00BC65C0 /* Comment */,
				55A99A912593843A00BC65C0 /* Write */,
				5574A8BB25987C7000FE1954 /* Modify */,
			);
			path = FreeBoard;
			sourceTree = "<group>";
		};
		55D54FC4256AA56100D87D4B /* ReviewBoard */ = {
			isa = PBXGroup;
			children = (
				55AC87112539F0F700141F21 /* ReviewListView.swift */,
				55AC87142539F0FE00141F21 /* ReviewListViewModel.swift */,
			);
			path = ReviewBoard;
			sourceTree = "<group>";
		};
		685406D9EDE03E534247871F /* Frameworks */ = {
			isa = PBXGroup;
			children = (
				B2857173F94514BDDFA0FD32 /* Pods_lens_review_ios.framework */,
			);
			name = Frameworks;
			sourceTree = "<group>";
		};
		E326168C3FB332AD9556D1E1 /* Pods */ = {
			isa = PBXGroup;
			children = (
				3B7C3B0742C439DBD569CAEA /* Pods-lens_review_ios.debug.xcconfig */,
				ABB2072908050703454F5319 /* Pods-lens_review_ios.release.xcconfig */,
			);
			path = Pods;
			sourceTree = "<group>";
		};
/* End PBXGroup section */

/* Begin PBXNativeTarget section */
		5550A7CC2531E44200FAFD30 /* lens_review_ios */ = {
			isa = PBXNativeTarget;
			buildConfigurationList = 5550A7DC2531E44300FAFD30 /* Build configuration list for PBXNativeTarget "lens_review_ios" */;
			buildPhases = (
				17989624620B717A1F39913C /* [CP] Check Pods Manifest.lock */,
				5550A7C92531E44200FAFD30 /* Sources */,
				5550A7CA2531E44200FAFD30 /* Frameworks */,
				5550A7CB2531E44200FAFD30 /* Resources */,
				D45FDE0E24CCFFF52F7DE928 /* [CP] Embed Pods Frameworks */,
			);
			buildRules = (
			);
			dependencies = (
			);
			name = lens_review_ios;
			packageProductDependencies = (
				556D1CB72543328800EC8084 /* URLImage */,
				55E074A025448CDB0030C7C0 /* KeychainSwift */,
			);
			productName = lens_review_ios;
			productReference = 5550A7CD2531E44200FAFD30 /* lens_review_ios.app */;
			productType = "com.apple.product-type.application";
		};
/* End PBXNativeTarget section */

/* Begin PBXProject section */
		5550A7C52531E44200FAFD30 /* Project object */ = {
			isa = PBXProject;
			attributes = {
				LastSwiftUpdateCheck = 1200;
				LastUpgradeCheck = 1200;
				TargetAttributes = {
					5550A7CC2531E44200FAFD30 = {
						CreatedOnToolsVersion = 12.0.1;
					};
				};
			};
			buildConfigurationList = 5550A7C82531E44200FAFD30 /* Build configuration list for PBXProject "lens_review_ios" */;
			compatibilityVersion = "Xcode 9.3";
			developmentRegion = en;
			hasScannedForEncodings = 0;
			knownRegions = (
				en,
				Base,
				ko,
			);
			mainGroup = 5550A7C42531E44200FAFD30;
			packageReferences = (
				556D1CB62543328800EC8084 /* XCRemoteSwiftPackageReference "url-image" */,
				55E0749F25448CDB0030C7C0 /* XCRemoteSwiftPackageReference "keychain-swift" */,
			);
			productRefGroup = 5550A7CE2531E44200FAFD30 /* Products */;
			projectDirPath = "";
			projectRoot = "";
			targets = (
				5550A7CC2531E44200FAFD30 /* lens_review_ios */,
			);
		};
/* End PBXProject section */

/* Begin PBXResourcesBuildPhase section */
		5550A7CB2531E44200FAFD30 /* Resources */ = {
			isa = PBXResourcesBuildPhase;
			buildActionMask = 2147483647;
			files = (
				5550A7D82531E44300FAFD30 /* Preview Assets.xcassets in Resources */,
				5574A8C32598C0F400FE1954 /* Localizable.strings in Resources */,
				5550A7D52531E44300FAFD30 /* Assets.xcassets in Resources */,
			);
			runOnlyForDeploymentPostprocessing = 0;
		};
/* End PBXResourcesBuildPhase section */

/* Begin PBXShellScriptBuildPhase section */
		17989624620B717A1F39913C /* [CP] Check Pods Manifest.lock */ = {
			isa = PBXShellScriptBuildPhase;
			buildActionMask = 2147483647;
			files = (
			);
			inputFileListPaths = (
			);
			inputPaths = (
				"${PODS_PODFILE_DIR_PATH}/Podfile.lock",
				"${PODS_ROOT}/Manifest.lock",
			);
			name = "[CP] Check Pods Manifest.lock";
			outputFileListPaths = (
			);
			outputPaths = (
				"$(DERIVED_FILE_DIR)/Pods-lens_review_ios-checkManifestLockResult.txt",
			);
			runOnlyForDeploymentPostprocessing = 0;
			shellPath = /bin/sh;
			shellScript = "diff \"${PODS_PODFILE_DIR_PATH}/Podfile.lock\" \"${PODS_ROOT}/Manifest.lock\" > /dev/null\nif [ $? != 0 ] ; then\n    # print error to STDERR\n    echo \"error: The sandbox is not in sync with the Podfile.lock. Run 'pod install' or update your CocoaPods installation.\" >&2\n    exit 1\nfi\n# This output is used by Xcode 'outputs' to avoid re-running this script phase.\necho \"SUCCESS\" > \"${SCRIPT_OUTPUT_FILE_0}\"\n";
			showEnvVarsInLog = 0;
		};
		D45FDE0E24CCFFF52F7DE928 /* [CP] Embed Pods Frameworks */ = {
			isa = PBXShellScriptBuildPhase;
			buildActionMask = 2147483647;
			files = (
			);
			inputFileListPaths = (
				"${PODS_ROOT}/Target Support Files/Pods-lens_review_ios/Pods-lens_review_ios-frameworks-${CONFIGURATION}-input-files.xcfilelist",
			);
			name = "[CP] Embed Pods Frameworks";
			outputFileListPaths = (
				"${PODS_ROOT}/Target Support Files/Pods-lens_review_ios/Pods-lens_review_ios-frameworks-${CONFIGURATION}-output-files.xcfilelist",
			);
			runOnlyForDeploymentPostprocessing = 0;
			shellPath = /bin/sh;
			shellScript = "\"${PODS_ROOT}/Target Support Files/Pods-lens_review_ios/Pods-lens_review_ios-frameworks.sh\"\n";
			showEnvVarsInLog = 0;
		};
/* End PBXShellScriptBuildPhase section */

/* Begin PBXSourcesBuildPhase section */
		5550A7C92531E44200FAFD30 /* Sources */ = {
			isa = PBXSourcesBuildPhase;
			buildActionMask = 2147483647;
			files = (
				55A99A932593847E00BC65C0 /* FreeBoardWriteView.swift in Sources */,
				55AEFEFA257CD954000A7A47 /* FreeBoardDetailViewModel.swift in Sources */,
				551719D62531E921003670D0 /* APIBuilder.swift in Sources */,
				5574A8BE2598BA3700FE1954 /* ArticleModifyView.swift in Sources */,
				5550A7D32531E44200FAFD30 /* ContentView.swift in Sources */,
				558304512538963800C46BE0 /* FreeBoardPreview.swift in Sources */,
				558304572538971D00C46BE0 /* BoardListViewModel.swift in Sources */,
				551719DF2531E964003670D0 /* NetConstants.swift in Sources */,
				55AC870F2539EF7900141F21 /* ReviewBoardPreview.swift in Sources */,
				5538B489258E3EFE009F3772 /* CommentRowView.swift in Sources */,
				551719D92531E93F003670D0 /* LensAPIClient.swift in Sources */,
				5550A7D12531E44200FAFD30 /* lens_review_iosApp.swift in Sources */,
				55415E332544661F006630CA /* LoginViewModel.swift in Sources */,
				55380DEF2585F8C10093642C /* ReviewBoardDetailView.swift in Sources */,
				55AC87122539F0F700141F21 /* ReviewListView.swift in Sources */,
				55380DF22585F8E40093642C /* ReviewBoardDetailViewModel.swift in Sources */,
				557E77542537327A00DDA4F7 /* LensListView.swift in Sources */,
				55E0749D25447A1F0030C7C0 /* Login.swift in Sources */,
				55438C70253207B700423006 /* LensListViewModel.swift in Sources */,
				55AEFEF2257CC3D2000A7A47 /* FreeBoardDetail.swift in Sources */,
				55438C6D253207A800423006 /* LensDetailViewModel.swift in Sources */,
				55415E2C254463A6006630CA /* LoginView.swift in Sources */,
				5574A8CC2598C40100FE1954 /* StringUtil.swift in Sources */,
				55A99A982597829B00BC65C0 /* FreeBoardWriteViewModel.swift in Sources */,
				551719D32531E8A2003670D0 /* LensPreview.swift in Sources */,
				5531342A2545B35700FFD1EB /* KeychainManager.swift in Sources */,
				55380DEA2585F4580093642C /* ReviewBoardDetail.swift in Sources */,
				55AC87152539F0FE00141F21 /* ReviewListViewModel.swift in Sources */,
				55438C75253207CB00423006 /* LensDetail.swift in Sources */,
				557BE3EC2590D7860022F5D0 /* UIConstants.swift in Sources */,
				55AEFEF7257CD945000A7A47 /* FreeBoardDetailView.swift in Sources */,
				557BE3E62590D0300022F5D0 /* CommentView.swift in Sources */,
				557BE3E92590D5940022F5D0 /* CommentViewModel.swift in Sources */,
				55E446A12573D8970023FBD7 /* UIUtil.swift in Sources */,
				5538B485258E2806009F3772 /* FreeBoardComment.swift in Sources */,
				555DAA42258519C7008E70E8 /* DateManager.swift in Sources */,
				558304542538971500C46BE0 /* BoardListView.swift in Sources */,
				55438C692532079500423006 /* LensDetailView.swift in Sources */,
			);
			runOnlyForDeploymentPostprocessing = 0;
		};
/* End PBXSourcesBuildPhase section */

/* Begin PBXVariantGroup section */
		5574A8C52598C0F400FE1954 /* Localizable.strings */ = {
			isa = PBXVariantGroup;
			children = (
				5574A8C72598C12A00FE1954 /* ko */,
			);
			name = Localizable.strings;
			sourceTree = "<group>";
		};
/* End PBXVariantGroup section */

/* Begin XCBuildConfiguration section */
		5550A7DA2531E44300FAFD30 /* Debug */ = {
			isa = XCBuildConfiguration;
			buildSettings = {
				ALWAYS_SEARCH_USER_PATHS = NO;
				CLANG_ANALYZER_LOCALIZABILITY_NONLOCALIZED = YES;
				CLANG_ANALYZER_NONNULL = YES;
				CLANG_ANALYZER_NUMBER_OBJECT_CONVERSION = YES_AGGRESSIVE;
				CLANG_CXX_LANGUAGE_STANDARD = "gnu++14";
				CLANG_CXX_LIBRARY = "libc++";
				CLANG_ENABLE_MODULES = YES;
				CLANG_ENABLE_OBJC_ARC = YES;
				CLANG_ENABLE_OBJC_WEAK = YES;
				CLANG_WARN_BLOCK_CAPTURE_AUTORELEASING = YES;
				CLANG_WARN_BOOL_CONVERSION = YES;
				CLANG_WARN_COMMA = YES;
				CLANG_WARN_CONSTANT_CONVERSION = YES;
				CLANG_WARN_DEPRECATED_OBJC_IMPLEMENTATIONS = YES;
				CLANG_WARN_DIRECT_OBJC_ISA_USAGE = YES_ERROR;
				CLANG_WARN_DOCUMENTATION_COMMENTS = YES;
				CLANG_WARN_EMPTY_BODY = YES;
				CLANG_WARN_ENUM_CONVERSION = YES;
				CLANG_WARN_INFINITE_RECURSION = YES;
				CLANG_WARN_INT_CONVERSION = YES;
				CLANG_WARN_NON_LITERAL_NULL_CONVERSION = YES;
				CLANG_WARN_OBJC_IMPLICIT_RETAIN_SELF = YES;
				CLANG_WARN_OBJC_LITERAL_CONVERSION = YES;
				CLANG_WARN_OBJC_ROOT_CLASS = YES_ERROR;
				CLANG_WARN_QUOTED_INCLUDE_IN_FRAMEWORK_HEADER = YES;
				CLANG_WARN_RANGE_LOOP_ANALYSIS = YES;
				CLANG_WARN_STRICT_PROTOTYPES = YES;
				CLANG_WARN_SUSPICIOUS_MOVE = YES;
				CLANG_WARN_UNGUARDED_AVAILABILITY = YES_AGGRESSIVE;
				CLANG_WARN_UNREACHABLE_CODE = YES;
				CLANG_WARN__DUPLICATE_METHOD_MATCH = YES;
				COPY_PHASE_STRIP = NO;
				DEBUG_INFORMATION_FORMAT = dwarf;
				ENABLE_STRICT_OBJC_MSGSEND = YES;
				ENABLE_TESTABILITY = YES;
				GCC_C_LANGUAGE_STANDARD = gnu11;
				GCC_DYNAMIC_NO_PIC = NO;
				GCC_NO_COMMON_BLOCKS = YES;
				GCC_OPTIMIZATION_LEVEL = 0;
				GCC_PREPROCESSOR_DEFINITIONS = (
					"DEBUG=1",
					"$(inherited)",
				);
				GCC_WARN_64_TO_32_BIT_CONVERSION = YES;
				GCC_WARN_ABOUT_RETURN_TYPE = YES_ERROR;
				GCC_WARN_UNDECLARED_SELECTOR = YES;
				GCC_WARN_UNINITIALIZED_AUTOS = YES_AGGRESSIVE;
				GCC_WARN_UNUSED_FUNCTION = YES;
				GCC_WARN_UNUSED_VARIABLE = YES;
				IPHONEOS_DEPLOYMENT_TARGET = 14.0;
				MTL_ENABLE_DEBUG_INFO = INCLUDE_SOURCE;
				MTL_FAST_MATH = YES;
				ONLY_ACTIVE_ARCH = YES;
				SDKROOT = iphoneos;
				SWIFT_ACTIVE_COMPILATION_CONDITIONS = DEBUG;
				SWIFT_OPTIMIZATION_LEVEL = "-Onone";
			};
			name = Debug;
		};
		5550A7DB2531E44300FAFD30 /* Release */ = {
			isa = XCBuildConfiguration;
			buildSettings = {
				ALWAYS_SEARCH_USER_PATHS = NO;
				CLANG_ANALYZER_LOCALIZABILITY_NONLOCALIZED = YES;
				CLANG_ANALYZER_NONNULL = YES;
				CLANG_ANALYZER_NUMBER_OBJECT_CONVERSION = YES_AGGRESSIVE;
				CLANG_CXX_LANGUAGE_STANDARD = "gnu++14";
				CLANG_CXX_LIBRARY = "libc++";
				CLANG_ENABLE_MODULES = YES;
				CLANG_ENABLE_OBJC_ARC = YES;
				CLANG_ENABLE_OBJC_WEAK = YES;
				CLANG_WARN_BLOCK_CAPTURE_AUTORELEASING = YES;
				CLANG_WARN_BOOL_CONVERSION = YES;
				CLANG_WARN_COMMA = YES;
				CLANG_WARN_CONSTANT_CONVERSION = YES;
				CLANG_WARN_DEPRECATED_OBJC_IMPLEMENTATIONS = YES;
				CLANG_WARN_DIRECT_OBJC_ISA_USAGE = YES_ERROR;
				CLANG_WARN_DOCUMENTATION_COMMENTS = YES;
				CLANG_WARN_EMPTY_BODY = YES;
				CLANG_WARN_ENUM_CONVERSION = YES;
				CLANG_WARN_INFINITE_RECURSION = YES;
				CLANG_WARN_INT_CONVERSION = YES;
				CLANG_WARN_NON_LITERAL_NULL_CONVERSION = YES;
				CLANG_WARN_OBJC_IMPLICIT_RETAIN_SELF = YES;
				CLANG_WARN_OBJC_LITERAL_CONVERSION = YES;
				CLANG_WARN_OBJC_ROOT_CLASS = YES_ERROR;
				CLANG_WARN_QUOTED_INCLUDE_IN_FRAMEWORK_HEADER = YES;
				CLANG_WARN_RANGE_LOOP_ANALYSIS = YES;
				CLANG_WARN_STRICT_PROTOTYPES = YES;
				CLANG_WARN_SUSPICIOUS_MOVE = YES;
				CLANG_WARN_UNGUARDED_AVAILABILITY = YES_AGGRESSIVE;
				CLANG_WARN_UNREACHABLE_CODE = YES;
				CLANG_WARN__DUPLICATE_METHOD_MATCH = YES;
				COPY_PHASE_STRIP = NO;
				DEBUG_INFORMATION_FORMAT = "dwarf-with-dsym";
				ENABLE_NS_ASSERTIONS = NO;
				ENABLE_STRICT_OBJC_MSGSEND = YES;
				GCC_C_LANGUAGE_STANDARD = gnu11;
				GCC_NO_COMMON_BLOCKS = YES;
				GCC_WARN_64_TO_32_BIT_CONVERSION = YES;
				GCC_WARN_ABOUT_RETURN_TYPE = YES_ERROR;
				GCC_WARN_UNDECLARED_SELECTOR = YES;
				GCC_WARN_UNINITIALIZED_AUTOS = YES_AGGRESSIVE;
				GCC_WARN_UNUSED_FUNCTION = YES;
				GCC_WARN_UNUSED_VARIABLE = YES;
				IPHONEOS_DEPLOYMENT_TARGET = 14.0;
				MTL_ENABLE_DEBUG_INFO = NO;
				MTL_FAST_MATH = YES;
				SDKROOT = iphoneos;
				SWIFT_COMPILATION_MODE = wholemodule;
				SWIFT_OPTIMIZATION_LEVEL = "-O";
				VALIDATE_PRODUCT = YES;
			};
			name = Release;
		};
		5550A7DD2531E44300FAFD30 /* Debug */ = {
			isa = XCBuildConfiguration;
			baseConfigurationReference = 3B7C3B0742C439DBD569CAEA /* Pods-lens_review_ios.debug.xcconfig */;
			buildSettings = {
				ASSETCATALOG_COMPILER_APPICON_NAME = AppIcon;
				ASSETCATALOG_COMPILER_GLOBAL_ACCENT_COLOR_NAME = AccentColor;
				CODE_SIGN_STYLE = Automatic;
				DEVELOPMENT_ASSET_PATHS = "\"lens_review_ios/Preview Content\"";
				DEVELOPMENT_TEAM = 97CGN4M95Q;
				ENABLE_PREVIEWS = YES;
				INFOPLIST_FILE = lens_review_ios/Info.plist;
				IPHONEOS_DEPLOYMENT_TARGET = 14.0;
				LD_RUNPATH_SEARCH_PATHS = (
					"$(inherited)",
					"@executable_path/Frameworks",
				);
				PRODUCT_BUNDLE_IDENTIFIER = "wannagohome.lens-review-ios";
				PRODUCT_NAME = "$(TARGET_NAME)";
				SWIFT_VERSION = 5.0;
				TARGETED_DEVICE_FAMILY = "1,2";
			};
			name = Debug;
		};
		5550A7DE2531E44300FAFD30 /* Release */ = {
			isa = XCBuildConfiguration;
			baseConfigurationReference = ABB2072908050703454F5319 /* Pods-lens_review_ios.release.xcconfig */;
			buildSettings = {
				ASSETCATALOG_COMPILER_APPICON_NAME = AppIcon;
				ASSETCATALOG_COMPILER_GLOBAL_ACCENT_COLOR_NAME = AccentColor;
				CODE_SIGN_STYLE = Automatic;
				DEVELOPMENT_ASSET_PATHS = "\"lens_review_ios/Preview Content\"";
				DEVELOPMENT_TEAM = 97CGN4M95Q;
				ENABLE_PREVIEWS = YES;
				INFOPLIST_FILE = lens_review_ios/Info.plist;
				IPHONEOS_DEPLOYMENT_TARGET = 14.0;
				LD_RUNPATH_SEARCH_PATHS = (
					"$(inherited)",
					"@executable_path/Frameworks",
				);
				PRODUCT_BUNDLE_IDENTIFIER = "wannagohome.lens-review-ios";
				PRODUCT_NAME = "$(TARGET_NAME)";
				SWIFT_VERSION = 5.0;
				TARGETED_DEVICE_FAMILY = "1,2";
			};
			name = Release;
		};
/* End XCBuildConfiguration section */

/* Begin XCConfigurationList section */
		5550A7C82531E44200FAFD30 /* Build configuration list for PBXProject "lens_review_ios" */ = {
			isa = XCConfigurationList;
			buildConfigurations = (
				5550A7DA2531E44300FAFD30 /* Debug */,
				5550A7DB2531E44300FAFD30 /* Release */,
			);
			defaultConfigurationIsVisible = 0;
			defaultConfigurationName = Release;
		};
		5550A7DC2531E44300FAFD30 /* Build configuration list for PBXNativeTarget "lens_review_ios" */ = {
			isa = XCConfigurationList;
			buildConfigurations = (
				5550A7DD2531E44300FAFD30 /* Debug */,
				5550A7DE2531E44300FAFD30 /* Release */,
			);
			defaultConfigurationIsVisible = 0;
			defaultConfigurationName = Release;
		};
/* End XCConfigurationList section */

/* Begin XCRemoteSwiftPackageReference section */
		556D1CB62543328800EC8084 /* XCRemoteSwiftPackageReference "url-image" */ = {
			isa = XCRemoteSwiftPackageReference;
			repositoryURL = "https://github.com/dmytro-anokhin/url-image.git";
			requirement = {
				kind = upToNextMajorVersion;
				minimumVersion = 2.0.0;
			};
		};
		55E0749F25448CDB0030C7C0 /* XCRemoteSwiftPackageReference "keychain-swift" */ = {
			isa = XCRemoteSwiftPackageReference;
			repositoryURL = "https://github.com/evgenyneu/keychain-swift.git";
			requirement = {
				kind = upToNextMajorVersion;
				minimumVersion = 19.0.0;
			};
		};
/* End XCRemoteSwiftPackageReference section */

/* Begin XCSwiftPackageProductDependency section */
		556D1CB72543328800EC8084 /* URLImage */ = {
			isa = XCSwiftPackageProductDependency;
			package = 556D1CB62543328800EC8084 /* XCRemoteSwiftPackageReference "url-image" */;
			productName = URLImage;
		};
		55E074A025448CDB0030C7C0 /* KeychainSwift */ = {
			isa = XCSwiftPackageProductDependency;
			package = 55E0749F25448CDB0030C7C0 /* XCRemoteSwiftPackageReference "keychain-swift" */;
			productName = KeychainSwift;
		};
/* End XCSwiftPackageProductDependency section */
	};
	rootObject = 5550A7C52531E44200FAFD30 /* Project object */;
}
